
Microsoft Visual Studio Solution File, Format Version 12.00
# Visual Studio Version 17
VisualStudioVersion = 17.9.34902.65
MinimumVisualStudioVersion = 10.0.40219.1
Project("{9A19103F-16F7-4668-BE54-9A1E7A4F7556}") = "FabricUpgradeCmdlet", "FabricUpgradeCmdlet.csproj", "{A14FF561-43EF-4570-9AA3-47762CC5D648}"
EndProject
Project("{9A19103F-16F7-4668-BE54-9A1E7A4F7556}") = "FabricUpgradeTests", "..\FabricUpgradeTests\FabricUpgradeTests.csproj", "{A81ED148-8D0B-4583-9050-2BF28A921A44}"
EndProject
Global
	GlobalSection(SolutionConfigurationPlatforms) = preSolution
		Debug|Any CPU = Debug|Any CPU
		Release|Any CPU = Release|Any CPU
	EndGlobalSection
	GlobalSection(ProjectConfigurationPlatforms) = postSolution
		{A14FF561-43EF-4570-9AA3-47762CC5D648}.Debug|Any CPU.ActiveCfg = Debug|Any CPU
		{A14FF561-43EF-4570-9AA3-47762CC5D648}.Debug|Any CPU.Build.0 = Debug|Any CPU
		{A14FF561-43EF-4570-9AA3-47762CC5D648}.Release|Any CPU.ActiveCfg = Release|Any CPU
		{A14FF561-43EF-4570-9AA3-47762CC5D648}.Release|Any CPU.Build.0 = Release|Any CPU
		{A81ED148-8D0B-4583-9050-2BF28A921A44}.Debug|Any CPU.ActiveCfg = Debug|Any CPU
		{A81ED148-8D0B-4583-9050-2BF28A921A44}.Debug|Any CPU.Build.0 = Debug|Any CPU
		{A81ED148-8D0B-4583-9050-2BF28A921A44}.Release|Any CPU.ActiveCfg = Release|Any CPU
		{A81ED148-8D0B-4583-9050-2BF28A921A44}.Release|Any CPU.Build.0 = Release|Any CPU
	EndGlobalSection
	GlobalSection(SolutionProperties) = preSolution
		HideSolutionNode = FALSE
	EndGlobalSection
	GlobalSection(ExtensibilityGlobals) = postSolution
		SolutionGuid = {1B62DB88-9DB0-41EA-9317-78DE8435D61D}
	EndGlobalSection
EndGlobal
